// !$*UTF8*$!
{
	archiveVersion = 1;
	classes = {
	};
	objectVersion = 50;
	objects = {

/* Begin PBXBuildFile section */
		175EF7E722AEBF210082F82F /* AppDelegate.swift in Sources */ = {isa = PBXBuildFile; fileRef = 175EF7E622AEBF210082F82F /* AppDelegate.swift */; };
		175EF7EC22AEBF210082F82F /* Main.storyboard in Resources */ = {isa = PBXBuildFile; fileRef = 175EF7EA22AEBF210082F82F /* Main.storyboard */; };
		175EF7EE22AEBF220082F82F /* Assets.xcassets in Resources */ = {isa = PBXBuildFile; fileRef = 175EF7ED22AEBF220082F82F /* Assets.xcassets */; };
		175EF7F122AEBF220082F82F /* LaunchScreen.storyboard in Resources */ = {isa = PBXBuildFile; fileRef = 175EF7EF22AEBF220082F82F /* LaunchScreen.storyboard */; };
		175EF7F922AEBF9A0082F82F /* TipCalcViewController.swift in Sources */ = {isa = PBXBuildFile; fileRef = 175EF7F822AEBF9A0082F82F /* TipCalcViewController.swift */; };
		175EF7FB22AEC4220082F82F /* IBDesignable Extension.swift in Sources */ = {isa = PBXBuildFile; fileRef = 175EF7FA22AEC4220082F82F /* IBDesignable Extension.swift */; };
		175EF7FF22AEF3830082F82F /* Double Rounder.swift in Sources */ = {isa = PBXBuildFile; fileRef = 175EF7FE22AEF3830082F82F /* Double Rounder.swift */; };
/* End PBXBuildFile section */

/* Begin PBXFileReference section */
		175EF7E322AEBF210082F82F /* TipCalc.app */ = {isa = PBXFileReference; explicitFileType = wrapper.application; includeInIndex = 0; path = TipCalc.app; sourceTree = BUILT_PRODUCTS_DIR; };
		175EF7E622AEBF210082F82F /* AppDelegate.swift */ = {isa = PBXFileReference; lastKnownFileType = sourcecode.swift; path = AppDelegate.swift; sourceTree = "<group>"; };
		175EF7EB22AEBF210082F82F /* Base */ = {isa = PBXFileReference; lastKnownFileType = file.storyboard; name = Base; path = Base.lproj/Main.storyboard; sourceTree = "<group>"; };
		175EF7ED22AEBF220082F82F /* Assets.xcassets */ = {isa = PBXFileReference; lastKnownFileType = folder.assetcatalog; path = Assets.xcassets; sourceTree = "<group>"; };
		175EF7F022AEBF220082F82F /* Base */ = {isa = PBXFileReference; lastKnownFileType = file.storyboard; name = Base; path = Base.lproj/LaunchScreen.storyboard; sourceTree = "<group>"; };
		175EF7F222AEBF220082F82F /* Info.plist */ = {isa = PBXFileReference; lastKnownFileType = text.plist.xml; path = Info.plist; sourceTree = "<group>"; };
		175EF7F822AEBF9A0082F82F /* TipCalcViewController.swift */ = {isa = PBXFileReference; lastKnownFileType = sourcecode.swift; path = TipCalcViewController.swift; sourceTree = "<group>"; };
		175EF7FA22AEC4220082F82F /* IBDesignable Extension.swift */ = {isa = PBXFileReference; lastKnownFileType = sourcecode.swift; path = "IBDesignable Extension.swift"; sourceTree = "<group>"; };
		175EF7FE22AEF3830082F82F /* Double Rounder.swift */ = {isa = PBXFileReference; lastKnownFileType = sourcecode.swift; path = "Double Rounder.swift"; sourceTree = "<group>"; };
/* End PBXFileReference section */

/* Begin PBXFrameworksBuildPhase section */
		175EF7E022AEBF210082F82F /* Frameworks */ = {
			isa = PBXFrameworksBuildPhase;
			buildActionMask = 2147483647;
			files = (
			);
			runOnlyForDeploymentPostprocessing = 0;
		};
/* End PBXFrameworksBuildPhase section */

/* Begin PBXGroup section */
		175EF7DA22AEBF210082F82F = {
			isa = PBXGroup;
			children = (
				175EF7E522AEBF210082F82F /* TipCalc */,
				175EF7E422AEBF210082F82F /* Products */,
			);
			sourceTree = "<group>";
		};
		175EF7E422AEBF210082F82F /* Products */ = {
			isa = PBXGroup;
			children = (
				175EF7E322AEBF210082F82F /* TipCalc.app */,
			);
			name = Products;
			sourceTree = "<group>";
		};
		175EF7E522AEBF210082F82F /* TipCalc */ = {
			isa = PBXGroup;
			children = (
				175EF7E622AEBF210082F82F /* AppDelegate.swift */,
				175EF7EA22AEBF210082F82F /* Main.storyboard */,
				175EF7FC22AECE120082F82F /* Extension */,
				175EF7FD22AECE360082F82F /* View Controller */,
				175EF7ED22AEBF220082F82F /* Assets.xcassets */,
				175EF7EF22AEBF220082F82F /* LaunchScreen.storyboard */,
				175EF7F222AEBF220082F82F /* Info.plist */,
			);
			path = TipCalc;
			sourceTree = "<group>";
		};
		175EF7FC22AECE120082F82F /* Extension */ = {
			isa = PBXGroup;
			children = (
				175EF7FA22AEC4220082F82F /* IBDesignable Extension.swift */,
				175EF7FE22AEF3830082F82F /* Double Rounder.swift */,
			);
			path = Extension;
			sourceTree = "<group>";
		};
		175EF7FD22AECE360082F82F /* View Controller */ = {
			isa = PBXGroup;
			children = (
				175EF7F822AEBF9A0082F82F /* TipCalcViewController.swift */,
			);
			path = "View Controller";
			sourceTree = "<group>";
		};
/* End PBXGroup section */

/* Begin PBXNativeTarget section */
		175EF7E222AEBF210082F82F /* TipCalc */ = {
			isa = PBXNativeTarget;
			buildConfigurationList = 175EF7F522AEBF220082F82F /* Build configuration list for PBXNativeTarget "TipCalc" */;
			buildPhases = (
				175EF7DF22AEBF210082F82F /* Sources */,
				175EF7E022AEBF210082F82F /* Frameworks */,
				175EF7E122AEBF210082F82F /* Resources */,
			);
			buildRules = (
			);
			dependencies = (
			);
			name = TipCalc;
			productName = TipCalc;
			productReference = 175EF7E322AEBF210082F82F /* TipCalc.app */;
			productType = "com.apple.product-type.application";
		};
/* End PBXNativeTarget section */

/* Begin PBXProject section */
		175EF7DB22AEBF210082F82F /* Project object */ = {
			isa = PBXProject;
			attributes = {
				LastSwiftUpdateCheck = 1020;
				LastUpgradeCheck = 1020;
				ORGANIZATIONNAME = HaleyJones;
				TargetAttributes = {
					175EF7E222AEBF210082F82F = {
						CreatedOnToolsVersion = 10.2.1;
					};
				};
			};
			buildConfigurationList = 175EF7DE22AEBF210082F82F /* Build configuration list for PBXProject "TipCalc" */;
			compatibilityVersion = "Xcode 9.3";
			developmentRegion = en;
			hasScannedForEncodings = 0;
			knownRegions = (
				en,
				Base,
			);
			mainGroup = 175EF7DA22AEBF210082F82F;
			productRefGroup = 175EF7E422AEBF210082F82F /* Products */;
			projectDirPath = "";
			projectRoot = "";
			targets = (
				175EF7E222AEBF210082F82F /* TipCalc */,
			);
		};
/* End PBXProject section */

/* Begin PBXResourcesBuildPhase section */
		175EF7E122AEBF210082F82F /* Resources */ = {
			isa = PBXResourcesBuildPhase;
			buildActionMask = 2147483647;
			files = (
				175EF7F122AEBF220082F82F /* LaunchScreen.storyboard in Resources */,
				175EF7EE22AEBF220082F82F /* Assets.xcassets in Resources */,
				175EF7EC22AEBF210082F82F /* Main.storyboard in Resources */,
			);
			runOnlyForDeploymentPostprocessing = 0;
		};
/* End PBXResourcesBuildPhase section */

/* Begin PBXSourcesBuildPhase section */
		175EF7DF22AEBF210082F82F /* Sources */ = {
			isa = PBXSourcesBuildPhase;
			buildActionMask = 2147483647;
			files = (
				175EF7FB22AEC4220082F82F /* IBDesignable Extension.swift in Sources */,
				175EF7FF22AEF3830082F82F /* Double Rounder.swift in Sources */,
				175EF7E722AEBF210082F82F /* AppDelegate.swift in Sources */,
				175EF7F922AEBF9A0082F82F /* TipCalcViewController.swift in Sources */,
			);
			runOnlyForDeploymentPostprocessing = 0;
		};
/* End PBXSourcesBuildPhase section */

/* Begin PBXVariantGroup section */
		175EF7EA22AEBF210082F82F /* Main.storyboard */ = {
			isa = PBXVariantGroup;
			children = (
				175EF7EB22AEBF210082F82F /* Base */,
			);
			name = Main.storyboard;
			sourceTree = "<group>";
		};
		175EF7EF22AEBF220082F82F /* LaunchScreen.storyboard */ = {
			isa = PBXVariantGroup;
			children = (
				175EF7F022AEBF220082F82F /* Base */,
			);
			name = LaunchScreen.storyboard;
			sourceTree = "<group>";
		};
/* End PBXVariantGroup section */

/* Begin XCBuildConfiguration section */
		175EF7F322AEBF220082F82F /* Debug */ = {
			isa = XCBuildConfiguration;
			buildSettings = {
				ALWAYS_SEARCH_USER_PATHS = NO;
				CLANG_ANALYZER_NONNULL = YES;
				CLANG_ANALYZER_NUMBER_OBJECT_CONVERSION = YES_AGGRESSIVE;
				CLANG_CXX_LANGUAGE_STANDARD = "gnu++14";
				CLANG_CXX_LIBRARY = "libc++";
				CLANG_ENABLE_MODULES = YES;
				CLANG_ENABLE_OBJC_ARC = YES;
				CLANG_ENABLE_OBJC_WEAK = YES;
				CLANG_WARN_BLOCK_CAPTURE_AUTORELEASING = YES;
				CLANG_WARN_BOOL_CONVERSION = YES;
				CLANG_WARN_COMMA = YES;
				CLANG_WARN_CONSTANT_CONVERSION = YES;
				CLANG_WARN_DEPRECATED_OBJC_IMPLEMENTATIONS = YES;
				CLANG_WARN_DIRECT_OBJC_ISA_USAGE = YES_ERROR;
				CLANG_WARN_DOCUMENTATION_COMMENTS = YES;
				CLANG_WARN_EMPTY_BODY = YES;
				CLANG_WARN_ENUM_CONVERSION = YES;
				CLANG_WARN_INFINITE_RECURSION = YES;
				CLANG_WARN_INT_CONVERSION = YES;
				CLANG_WARN_NON_LITERAL_NULL_CONVERSION = YES;
				CLANG_WARN_OBJC_IMPLICIT_RETAIN_SELF = YES;
				CLANG_WARN_OBJC_LITERAL_CONVERSION = YES;
				CLANG_WARN_OBJC_ROOT_CLASS = YES_ERROR;
				CLANG_WARN_RANGE_LOOP_ANALYSIS = YES;
				CLANG_WARN_STRICT_PROTOTYPES = YES;
				CLANG_WARN_SUSPICIOUS_MOVE = YES;
				CLANG_WARN_UNGUARDED_AVAILABILITY = YES_AGGRESSIVE;
				CLANG_WARN_UNREACHABLE_CODE = YES;
				CLANG_WARN__DUPLICATE_METHOD_MATCH = YES;
				CODE_SIGN_IDENTITY = "iPhone Developer";
				COPY_PHASE_STRIP = NO;
				DEBUG_INFORMATION_FORMAT = dwarf;
				ENABLE_STRICT_OBJC_MSGSEND = YES;
				ENABLE_TESTABILITY = YES;
				GCC_C_LANGUAGE_STANDARD = gnu11;
				GCC_DYNAMIC_NO_PIC = NO;
				GCC_NO_COMMON_BLOCKS = YES;
				GCC_OPTIMIZATION_LEVEL = 0;
				GCC_PREPROCESSOR_DEFINITIONS = (
					"DEBUG=1",
					"$(inherited)",
				);
				GCC_WARN_64_TO_32_BIT_CONVERSION = YES;
				GCC_WARN_ABOUT_RETURN_TYPE = YES_ERROR;
				GCC_WARN_UNDECLARED_SELECTOR = YES;
				GCC_WARN_UNINITIALIZED_AUTOS = YES_AGGRESSIVE;
				GCC_WARN_UNUSED_FUNCTION = YES;
				GCC_WARN_UNUSED_VARIABLE = YES;
				IPHONEOS_DEPLOYMENT_TARGET = 12.2;
				MTL_ENABLE_DEBUG_INFO = INCLUDE_SOURCE;
				MTL_FAST_MATH = YES;
				ONLY_ACTIVE_ARCH = YES;
				SDKROOT = iphoneos;
				SWIFT_ACTIVE_COMPILATION_CONDITIONS = DEBUG;
				SWIFT_OPTIMIZATION_LEVEL = "-Onone";
			};
			name = Debug;
		};
		175EF7F422AEBF220082F82F /* Release */ = {
			isa = XCBuildConfiguration;
			buildSettings = {
				ALWAYS_SEARCH_USER_PATHS = NO;
				CLANG_ANALYZER_NONNULL = YES;
				CLANG_ANALYZER_NUMBER_OBJECT_CONVERSION = YES_AGGRESSIVE;
				CLANG_CXX_LANGUAGE_STANDARD = "gnu++14";
				CLANG_CXX_LIBRARY = "libc++";
				CLANG_ENABLE_MODULES = YES;
				CLANG_ENABLE_OBJC_ARC = YES;
				CLANG_ENABLE_OBJC_WEAK = YES;
				CLANG_WARN_BLOCK_CAPTURE_AUTORELEASING = YES;
				CLANG_WARN_BOOL_CONVERSION = YES;
				CLANG_WARN_COMMA = YES;
				CLANG_WARN_CONSTANT_CONVERSION = YES;
				CLANG_WARN_DEPRECATED_OBJC_IMPLEMENTATIONS = YES;
				CLANG_WARN_DIRECT_OBJC_ISA_USAGE = YES_ERROR;
				CLANG_WARN_DOCUMENTATION_COMMENTS = YES;
				CLANG_WARN_EMPTY_BODY = YES;
				CLANG_WARN_ENUM_CONVERSION = YES;
				CLANG_WARN_INFINITE_RECURSION = YES;
				CLANG_WARN_INT_CONVERSION = YES;
				CLANG_WARN_NON_LITERAL_NULL_CONVERSION = YES;
				CLANG_WARN_OBJC_IMPLICIT_RETAIN_SELF = YES;
				CLANG_WARN_OBJC_LITERAL_CONVERSION = YES;
				CLANG_WARN_OBJC_ROOT_CLASS = YES_ERROR;
				CLANG_WARN_RANGE_LOOP_ANALYSIS = YES;
				CLANG_WARN_STRICT_PROTOTYPES = YES;
				CLANG_WARN_SUSPICIOUS_MOVE = YES;
				CLANG_WARN_UNGUARDED_AVAILABILITY = YES_AGGRESSIVE;
				CLANG_WARN_UNREACHABLE_CODE = YES;
				CLANG_WARN__DUPLICATE_METHOD_MATCH = YES;
				CODE_SIGN_IDENTITY = "iPhone Developer";
				COPY_PHASE_STRIP = NO;
				DEBUG_INFORMATION_FORMAT = "dwarf-with-dsym";
				ENABLE_NS_ASSERTIONS = NO;
				ENABLE_STRICT_OBJC_MSGSEND = YES;
				GCC_C_LANGUAGE_STANDARD = gnu11;
				GCC_NO_COMMON_BLOCKS = YES;
				GCC_WARN_64_TO_32_BIT_CONVERSION = YES;
				GCC_WARN_ABOUT_RETURN_TYPE = YES_ERROR;
				GCC_WARN_UNDECLARED_SELECTOR = YES;
				GCC_WARN_UNINITIALIZED_AUTOS = YES_AGGRESSIVE;
				GCC_WARN_UNUSED_FUNCTION = YES;
				GCC_WARN_UNUSED_VARIABLE = YES;
				IPHONEOS_DEPLOYMENT_TARGET = 12.2;
				MTL_ENABLE_DEBUG_INFO = NO;
				MTL_FAST_MATH = YES;
				SDKROOT = iphoneos;
				SWIFT_COMPILATION_MODE = wholemodule;
				SWIFT_OPTIMIZATION_LEVEL = "-O";
				VALIDATE_PRODUCT = YES;
			};
			name = Release;
		};
		175EF7F622AEBF220082F82F /* Debug */ = {
			isa = XCBuildConfiguration;
			buildSettings = {
				ASSETCATALOG_COMPILER_APPICON_NAME = AppIcon;
				CODE_SIGN_STYLE = Automatic;
				DEVELOPMENT_TEAM = 39YHWYH93Z;
				INFOPLIST_FILE = TipCalc/Info.plist;
				LD_RUNPATH_SEARCH_PATHS = (
					"$(inherited)",
					"@executable_path/Frameworks",
				);
				PRODUCT_BUNDLE_IDENTIFIER = com.HaleyJones.TipCalc;
				PRODUCT_NAME = "$(TARGET_NAME)";
				SWIFT_VERSION = 5.0;
				TARGETED_DEVICE_FAMILY = "1,2";
			};
			name = Debug;
		};
		175EF7F722AEBF220082F82F /* Release */ = {
			isa = XCBuildConfiguration;
			buildSettings = {
				ASSETCATALOG_COMPILER_APPICON_NAME = AppIcon;
				CODE_SIGN_STYLE = Automatic;
				DEVELOPMENT_TEAM = 39YHWYH93Z;
				INFOPLIST_FILE = TipCalc/Info.plist;
				LD_RUNPATH_SEARCH_PATHS = (
					"$(inherited)",
					"@executable_path/Frameworks",
				);
				PRODUCT_BUNDLE_IDENTIFIER = com.HaleyJones.TipCalc;
				PRODUCT_NAME = "$(TARGET_NAME)";
				SWIFT_VERSION = 5.0;
				TARGETED_DEVICE_FAMILY = "1,2";
			};
			name = Release;
		};
/* End XCBuildConfiguration section */

/* Begin XCConfigurationList section */
		175EF7DE22AEBF210082F82F /* Build configuration list for PBXProject "TipCalc" */ = {
			isa = XCConfigurationList;
			buildConfigurations = (
				175EF7F322AEBF220082F82F /* Debug */,
				175EF7F422AEBF220082F82F /* Release */,
			);
			defaultConfigurationIsVisible = 0;
			defaultConfigurationName = Release;
		};
		175EF7F522AEBF220082F82F /* Build configuration list for PBXNativeTarget "TipCalc" */ = {
			isa = XCConfigurationList;
			buildConfigurations = (
				175EF7F622AEBF220082F82F /* Debug */,
				175EF7F722AEBF220082F82F /* Release */,
			);
			defaultConfigurationIsVisible = 0;
			defaultConfigurationName = Release;
		};
/* End XCConfigurationList section */
	};
	rootObject = 175EF7DB22AEBF210082F82F /* Project object */;
}
